// !$*UTF8*$!
{
	archiveVersion = 1;
	classes = {
	};
	objectVersion = 46;
	objects = {

/* Begin PBXBuildFile section */
		67ECC72C1BE23A35005CD645 /* AppDelegate.swift in Sources */ = {isa = PBXBuildFile; fileRef = 67ECC72B1BE23A35005CD645 /* AppDelegate.swift */; };
		67ECC72E1BE23A35005CD645 /* ViewController.swift in Sources */ = {isa = PBXBuildFile; fileRef = 67ECC72D1BE23A35005CD645 /* ViewController.swift */; };
		67ECC7331BE23A35005CD645 /* Assets.xcassets in Resources */ = {isa = PBXBuildFile; fileRef = 67ECC7321BE23A35005CD645 /* Assets.xcassets */; };
		67ECC7361BE23A35005CD645 /* LaunchScreen.storyboard in Resources */ = {isa = PBXBuildFile; fileRef = 67ECC7341BE23A35005CD645 /* LaunchScreen.storyboard */; };
		67ECC7611BE23B50005CD645 /* RealmSwift.framework in Embed Frameworks */ = {isa = PBXBuildFile; fileRef = 67ECC75E1BE23B3E005CD645 /* RealmSwift.framework */; settings = {ATTRIBUTES = (CodeSignOnCopy, RemoveHeadersOnCopy, ); }; };
		67ECC7631BE23B5A005CD645 /* RealmSwift.framework in Frameworks */ = {isa = PBXBuildFile; fileRef = 67ECC75E1BE23B3E005CD645 /* RealmSwift.framework */; };
		67ECC7661BE23DC7005CD645 /* Realm.framework in Frameworks */ = {isa = PBXBuildFile; fileRef = 67ECC7641BE23DC1005CD645 /* Realm.framework */; };
		67ECC7671BE23DC7005CD645 /* Realm.framework in Embed Frameworks */ = {isa = PBXBuildFile; fileRef = 67ECC7641BE23DC1005CD645 /* Realm.framework */; settings = {ATTRIBUTES = (CodeSignOnCopy, RemoveHeadersOnCopy, ); }; };
		67ECC76F1BE24196005CD645 /* KeyboardViewController.swift in Sources */ = {isa = PBXBuildFile; fileRef = 67ECC76E1BE24196005CD645 /* KeyboardViewController.swift */; };
		67ECC7731BE24197005CD645 /* keyboardRealm.appex in Embed App Extensions */ = {isa = PBXBuildFile; fileRef = 67ECC76C1BE24196005CD645 /* keyboardRealm.appex */; settings = {ATTRIBUTES = (RemoveHeadersOnCopy, ); }; };
		67ECC77E1BE25944005CD645 /* RealmConfig.swift in Sources */ = {isa = PBXBuildFile; fileRef = 67ECC77D1BE25944005CD645 /* RealmConfig.swift */; };
		67ECC77F1BE25949005CD645 /* RealmConfig.swift in Sources */ = {isa = PBXBuildFile; fileRef = 67ECC77D1BE25944005CD645 /* RealmConfig.swift */; };
		67ECC7801BE25976005CD645 /* Realm.framework in Frameworks */ = {isa = PBXBuildFile; fileRef = 67ECC7641BE23DC1005CD645 /* Realm.framework */; };
		67ECC7811BE25976005CD645 /* RealmSwift.framework in Frameworks */ = {isa = PBXBuildFile; fileRef = 67ECC75E1BE23B3E005CD645 /* RealmSwift.framework */; };
		67ECC7831BE259BE005CD645 /* RealmCellModel.swift in Sources */ = {isa = PBXBuildFile; fileRef = 67ECC7821BE259BE005CD645 /* RealmCellModel.swift */; };
		67ECC7841BE262C0005CD645 /* RealmCellModel.swift in Sources */ = {isa = PBXBuildFile; fileRef = 67ECC7821BE259BE005CD645 /* RealmCellModel.swift */; };
/* End PBXBuildFile section */

/* Begin PBXContainerItemProxy section */
		67ECC7711BE24196005CD645 /* PBXContainerItemProxy */ = {
			isa = PBXContainerItemProxy;
			containerPortal = 67ECC7201BE23A35005CD645 /* Project object */;
			proxyType = 1;
			remoteGlobalIDString = 67ECC76B1BE24196005CD645;
			remoteInfo = keyboardRealm;
		};
/* End PBXContainerItemProxy section */

/* Begin PBXCopyFilesBuildPhase section */
		67ECC7621BE23B50005CD645 /* Embed Frameworks */ = {
			isa = PBXCopyFilesBuildPhase;
			buildActionMask = 2147483647;
			dstPath = "";
			dstSubfolderSpec = 10;
			files = (
				67ECC7671BE23DC7005CD645 /* Realm.framework in Embed Frameworks */,
				67ECC7611BE23B50005CD645 /* RealmSwift.framework in Embed Frameworks */,
			);
			name = "Embed Frameworks";
			runOnlyForDeploymentPostprocessing = 0;
		};
		67ECC7771BE24197005CD645 /* Embed App Extensions */ = {
			isa = PBXCopyFilesBuildPhase;
			buildActionMask = 2147483647;
			dstPath = "";
			dstSubfolderSpec = 13;
			files = (
				67ECC7731BE24197005CD645 /* keyboardRealm.appex in Embed App Extensions */,
			);
			name = "Embed App Extensions";
			runOnlyForDeploymentPostprocessing = 0;
		};
/* End PBXCopyFilesBuildPhase section */

/* Begin PBXFileReference section */
		67ECC7281BE23A35005CD645 /* testRealm.app */ = {isa = PBXFileReference; explicitFileType = wrapper.application; includeInIndex = 0; path = testRealm.app; sourceTree = BUILT_PRODUCTS_DIR; };
		67ECC72B1BE23A35005CD645 /* AppDelegate.swift */ = {isa = PBXFileReference; lastKnownFileType = sourcecode.swift; path = AppDelegate.swift; sourceTree = "<group>"; };
		67ECC72D1BE23A35005CD645 /* ViewController.swift */ = {isa = PBXFileReference; lastKnownFileType = sourcecode.swift; path = ViewController.swift; sourceTree = "<group>"; };
		67ECC7321BE23A35005CD645 /* Assets.xcassets */ = {isa = PBXFileReference; lastKnownFileType = folder.assetcatalog; path = Assets.xcassets; sourceTree = "<group>"; };
		67ECC7351BE23A35005CD645 /* Base */ = {isa = PBXFileReference; lastKnownFileType = file.storyboard; name = Base; path = Base.lproj/LaunchScreen.storyboard; sourceTree = "<group>"; };
		67ECC7371BE23A35005CD645 /* Info.plist */ = {isa = PBXFileReference; lastKnownFileType = text.plist.xml; path = Info.plist; sourceTree = "<group>"; };
		67ECC75E1BE23B3E005CD645 /* RealmSwift.framework */ = {isa = PBXFileReference; lastKnownFileType = wrapper.framework; name = RealmSwift.framework; path = testRealm/RealmSwift.framework; sourceTree = "<group>"; };
		67ECC7641BE23DC1005CD645 /* Realm.framework */ = {isa = PBXFileReference; lastKnownFileType = wrapper.framework; name = Realm.framework; path = testRealm/Realm.framework; sourceTree = "<group>"; };
		67ECC76C1BE24196005CD645 /* keyboardRealm.appex */ = {isa = PBXFileReference; explicitFileType = "wrapper.app-extension"; includeInIndex = 0; path = keyboardRealm.appex; sourceTree = BUILT_PRODUCTS_DIR; };
		67ECC76E1BE24196005CD645 /* KeyboardViewController.swift */ = {isa = PBXFileReference; lastKnownFileType = sourcecode.swift; path = KeyboardViewController.swift; sourceTree = "<group>"; };
		67ECC7701BE24196005CD645 /* Info.plist */ = {isa = PBXFileReference; lastKnownFileType = text.plist.xml; path = Info.plist; sourceTree = "<group>"; };
		67ECC7781BE242B1005CD645 /* keyboardRealm.entitlements */ = {isa = PBXFileReference; lastKnownFileType = text.xml; path = keyboardRealm.entitlements; sourceTree = "<group>"; };
		67ECC7791BE242D3005CD645 /* testRealm.entitlements */ = {isa = PBXFileReference; lastKnownFileType = text.xml; path = testRealm.entitlements; sourceTree = "<group>"; };
		67ECC77D1BE25944005CD645 /* RealmConfig.swift */ = {isa = PBXFileReference; fileEncoding = 4; lastKnownFileType = sourcecode.swift; path = RealmConfig.swift; sourceTree = "<group>"; };
		67ECC7821BE259BE005CD645 /* RealmCellModel.swift */ = {isa = PBXFileReference; fileEncoding = 4; lastKnownFileType = sourcecode.swift; path = RealmCellModel.swift; sourceTree = "<group>"; };
/* End PBXFileReference section */

/* Begin PBXFrameworksBuildPhase section */
		67ECC7251BE23A35005CD645 /* Frameworks */ = {
			isa = PBXFrameworksBuildPhase;
			buildActionMask = 2147483647;
			files = (
				67ECC7661BE23DC7005CD645 /* Realm.framework in Frameworks */,
				67ECC7631BE23B5A005CD645 /* RealmSwift.framework in Frameworks */,
			);
			runOnlyForDeploymentPostprocessing = 0;
		};
		67ECC7691BE24196005CD645 /* Frameworks */ = {
			isa = PBXFrameworksBuildPhase;
			buildActionMask = 2147483647;
			files = (
				67ECC7811BE25976005CD645 /* RealmSwift.framework in Frameworks */,
				67ECC7801BE25976005CD645 /* Realm.framework in Frameworks */,
			);
			runOnlyForDeploymentPostprocessing = 0;
		};
/* End PBXFrameworksBuildPhase section */

/* Begin PBXGroup section */
		67ECC71F1BE23A35005CD645 = {
			isa = PBXGroup;
			children = (
				67ECC77C1BE258F5005CD645 /* shared */,
				67ECC72A1BE23A35005CD645 /* testRealm */,
				67ECC76D1BE24196005CD645 /* keyboardRealm */,
				67ECC7291BE23A35005CD645 /* Products */,
			);
			sourceTree = "<group>";
		};
		67ECC7291BE23A35005CD645 /* Products */ = {
			isa = PBXGroup;
			children = (
				67ECC7281BE23A35005CD645 /* testRealm.app */,
				67ECC76C1BE24196005CD645 /* keyboardRealm.appex */,
			);
			name = Products;
			sourceTree = "<group>";
		};
		67ECC72A1BE23A35005CD645 /* testRealm */ = {
			isa = PBXGroup;
			children = (
				67ECC7791BE242D3005CD645 /* testRealm.entitlements */,
				67ECC72B1BE23A35005CD645 /* AppDelegate.swift */,
				67ECC72D1BE23A35005CD645 /* ViewController.swift */,
				67ECC7321BE23A35005CD645 /* Assets.xcassets */,
				67ECC7341BE23A35005CD645 /* LaunchScreen.storyboard */,
				67ECC7371BE23A35005CD645 /* Info.plist */,
			);
			path = testRealm;
			sourceTree = "<group>";
		};
		67ECC76D1BE24196005CD645 /* keyboardRealm */ = {
			isa = PBXGroup;
			children = (
				67ECC7781BE242B1005CD645 /* keyboardRealm.entitlements */,
				67ECC76E1BE24196005CD645 /* KeyboardViewController.swift */,
				67ECC7701BE24196005CD645 /* Info.plist */,
			);
			path = keyboardRealm;
			sourceTree = "<group>";
		};
		67ECC77C1BE258F5005CD645 /* shared */ = {
			isa = PBXGroup;
			children = (
				67ECC7641BE23DC1005CD645 /* Realm.framework */,
				67ECC75E1BE23B3E005CD645 /* RealmSwift.framework */,
				67ECC77D1BE25944005CD645 /* RealmConfig.swift */,
				67ECC7821BE259BE005CD645 /* RealmCellModel.swift */,
			);
			name = shared;
			sourceTree = "<group>";
		};
/* End PBXGroup section */

/* Begin PBXNativeTarget section */
		67ECC7271BE23A35005CD645 /* testRealm */ = {
			isa = PBXNativeTarget;
			buildConfigurationList = 67ECC7501BE23A36005CD645 /* Build configuration list for PBXNativeTarget "testRealm" */;
			buildPhases = (
				67ECC7241BE23A35005CD645 /* Sources */,
				67ECC7251BE23A35005CD645 /* Frameworks */,
				67ECC7261BE23A35005CD645 /* Resources */,
				67ECC7621BE23B50005CD645 /* Embed Frameworks */,
				67ECC7771BE24197005CD645 /* Embed App Extensions */,
			);
			buildRules = (
			);
			dependencies = (
				67ECC7721BE24196005CD645 /* PBXTargetDependency */,
			);
			name = testRealm;
			productName = testRealm;
			productReference = 67ECC7281BE23A35005CD645 /* testRealm.app */;
			productType = "com.apple.product-type.application";
		};
		67ECC76B1BE24196005CD645 /* keyboardRealm */ = {
			isa = PBXNativeTarget;
			buildConfigurationList = 67ECC7741BE24197005CD645 /* Build configuration list for PBXNativeTarget "keyboardRealm" */;
			buildPhases = (
				67ECC7681BE24196005CD645 /* Sources */,
				67ECC7691BE24196005CD645 /* Frameworks */,
				67ECC76A1BE24196005CD645 /* Resources */,
			);
			buildRules = (
			);
			dependencies = (
			);
			name = keyboardRealm;
			productName = keyboardRealm;
			productReference = 67ECC76C1BE24196005CD645 /* keyboardRealm.appex */;
			productType = "com.apple.product-type.app-extension";
		};
/* End PBXNativeTarget section */

/* Begin PBXProject section */
		67ECC7201BE23A35005CD645 /* Project object */ = {
			isa = PBXProject;
			attributes = {
				LastSwiftUpdateCheck = 0710;
				LastUpgradeCheck = 0710;
				ORGANIZATIONNAME = Snips;
				TargetAttributes = {
					67ECC7271BE23A35005CD645 = {
						CreatedOnToolsVersion = 7.1;
						DevelopmentTeam = 4473893YJ6;
						SystemCapabilities = {
							com.apple.ApplicationGroups.iOS = {
								enabled = 1;
							};
						};
					};
					67ECC76B1BE24196005CD645 = {
						CreatedOnToolsVersion = 7.1;
						DevelopmentTeam = 4473893YJ6;
						SystemCapabilities = {
							com.apple.ApplicationGroups.iOS = {
								enabled = 1;
							};
						};
					};
				};
			};
			buildConfigurationList = 67ECC7231BE23A35005CD645 /* Build configuration list for PBXProject "testRealm" */;
			compatibilityVersion = "Xcode 3.2";
			developmentRegion = English;
			hasScannedForEncodings = 0;
			knownRegions = (
				en,
				Base,
			);
			mainGroup = 67ECC71F1BE23A35005CD645;
			productRefGroup = 67ECC7291BE23A35005CD645 /* Products */;
			projectDirPath = "";
			projectRoot = "";
			targets = (
				67ECC7271BE23A35005CD645 /* testRealm */,
				67ECC76B1BE24196005CD645 /* keyboardRealm */,
			);
		};
/* End PBXProject section */

/* Begin PBXResourcesBuildPhase section */
		67ECC7261BE23A35005CD645 /* Resources */ = {
			isa = PBXResourcesBuildPhase;
			buildActionMask = 2147483647;
			files = (
				67ECC7361BE23A35005CD645 /* LaunchScreen.storyboard in Resources */,
				67ECC7331BE23A35005CD645 /* Assets.xcassets in Resources */,
			);
			runOnlyForDeploymentPostprocessing = 0;
		};
		67ECC76A1BE24196005CD645 /* Resources */ = {
			isa = PBXResourcesBuildPhase;
			buildActionMask = 2147483647;
			files = (
			);
			runOnlyForDeploymentPostprocessing = 0;
		};
/* End PBXResourcesBuildPhase section */

/* Begin PBXSourcesBuildPhase section */
		67ECC7241BE23A35005CD645 /* Sources */ = {
			isa = PBXSourcesBuildPhase;
			buildActionMask = 2147483647;
			files = (
				67ECC72E1BE23A35005CD645 /* ViewController.swift in Sources */,
				67ECC7831BE259BE005CD645 /* RealmCellModel.swift in Sources */,
				67ECC72C1BE23A35005CD645 /* AppDelegate.swift in Sources */,
				67ECC77E1BE25944005CD645 /* RealmConfig.swift in Sources */,
			);
			runOnlyForDeploymentPostprocessing = 0;
		};
		67ECC7681BE24196005CD645 /* Sources */ = {
			isa = PBXSourcesBuildPhase;
			buildActionMask = 2147483647;
			files = (
				67ECC76F1BE24196005CD645 /* KeyboardViewController.swift in Sources */,
				67ECC77F1BE25949005CD645 /* RealmConfig.swift in Sources */,
				67ECC7841BE262C0005CD645 /* RealmCellModel.swift in Sources */,
			);
			runOnlyForDeploymentPostprocessing = 0;
		};
/* End PBXSourcesBuildPhase section */

/* Begin PBXTargetDependency section */
		67ECC7721BE24196005CD645 /* PBXTargetDependency */ = {
			isa = PBXTargetDependency;
			target = 67ECC76B1BE24196005CD645 /* keyboardRealm */;
			targetProxy = 67ECC7711BE24196005CD645 /* PBXContainerItemProxy */;
		};
/* End PBXTargetDependency section */

/* Begin PBXVariantGroup section */
		67ECC7341BE23A35005CD645 /* LaunchScreen.storyboard */ = {
			isa = PBXVariantGroup;
			children = (
				67ECC7351BE23A35005CD645 /* Base */,
			);
			name = LaunchScreen.storyboard;
			sourceTree = "<group>";
		};
/* End PBXVariantGroup section */

/* Begin XCBuildConfiguration section */
		67ECC74E1BE23A36005CD645 /* Debug */ = {
			isa = XCBuildConfiguration;
			buildSettings = {
				ALWAYS_SEARCH_USER_PATHS = NO;
				CLANG_CXX_LANGUAGE_STANDARD = "gnu++0x";
				CLANG_CXX_LIBRARY = "libc++";
				CLANG_ENABLE_MODULES = YES;
				CLANG_ENABLE_OBJC_ARC = YES;
				CLANG_WARN_BOOL_CONVERSION = YES;
				CLANG_WARN_CONSTANT_CONVERSION = YES;
				CLANG_WARN_DIRECT_OBJC_ISA_USAGE = YES_ERROR;
				CLANG_WARN_EMPTY_BODY = YES;
				CLANG_WARN_ENUM_CONVERSION = YES;
				CLANG_WARN_INT_CONVERSION = YES;
				CLANG_WARN_OBJC_ROOT_CLASS = YES_ERROR;
				CLANG_WARN_UNREACHABLE_CODE = YES;
				CLANG_WARN__DUPLICATE_METHOD_MATCH = YES;
				"CODE_SIGN_IDENTITY[sdk=iphoneos*]" = "iPhone Developer";
				COPY_PHASE_STRIP = NO;
				DEBUG_INFORMATION_FORMAT = dwarf;
				ENABLE_STRICT_OBJC_MSGSEND = YES;
				ENABLE_TESTABILITY = YES;
				GCC_C_LANGUAGE_STANDARD = gnu99;
				GCC_DYNAMIC_NO_PIC = NO;
				GCC_NO_COMMON_BLOCKS = YES;
				GCC_OPTIMIZATION_LEVEL = 0;
				GCC_PREPROCESSOR_DEFINITIONS = (
					"DEBUG=1",
					"$(inherited)",
				);
				GCC_WARN_64_TO_32_BIT_CONVERSION = YES;
				GCC_WARN_ABOUT_RETURN_TYPE = YES_ERROR;
				GCC_WARN_UNDECLARED_SELECTOR = YES;
				GCC_WARN_UNINITIALIZED_AUTOS = YES_AGGRESSIVE;
				GCC_WARN_UNUSED_FUNCTION = YES;
				GCC_WARN_UNUSED_VARIABLE = YES;
				IPHONEOS_DEPLOYMENT_TARGET = 9.1;
				MTL_ENABLE_DEBUG_INFO = YES;
				ONLY_ACTIVE_ARCH = YES;
				SDKROOT = iphoneos;
				SWIFT_OPTIMIZATION_LEVEL = "-Onone";
			};
			name = Debug;
		};
		67ECC74F1BE23A36005CD645 /* Release */ = {
			isa = XCBuildConfiguration;
			buildSettings = {
				ALWAYS_SEARCH_USER_PATHS = NO;
				CLANG_CXX_LANGUAGE_STANDARD = "gnu++0x";
				CLANG_CXX_LIBRARY = "libc++";
				CLANG_ENABLE_MODULES = YES;
				CLANG_ENABLE_OBJC_ARC = YES;
				CLANG_WARN_BOOL_CONVERSION = YES;
				CLANG_WARN_CONSTANT_CONVERSION = YES;
				CLANG_WARN_DIRECT_OBJC_ISA_USAGE = YES_ERROR;
				CLANG_WARN_EMPTY_BODY = YES;
				CLANG_WARN_ENUM_CONVERSION = YES;
				CLANG_WARN_INT_CONVERSION = YES;
				CLANG_WARN_OBJC_ROOT_CLASS = YES_ERROR;
				CLANG_WARN_UNREACHABLE_CODE = YES;
				CLANG_WARN__DUPLICATE_METHOD_MATCH = YES;
				"CODE_SIGN_IDENTITY[sdk=iphoneos*]" = "iPhone Developer";
				COPY_PHASE_STRIP = NO;
				DEBUG_INFORMATION_FORMAT = "dwarf-with-dsym";
				ENABLE_NS_ASSERTIONS = NO;
				ENABLE_STRICT_OBJC_MSGSEND = YES;
				GCC_C_LANGUAGE_STANDARD = gnu99;
				GCC_NO_COMMON_BLOCKS = YES;
				GCC_WARN_64_TO_32_BIT_CONVERSION = YES;
				GCC_WARN_ABOUT_RETURN_TYPE = YES_ERROR;
				GCC_WARN_UNDECLARED_SELECTOR = YES;
				GCC_WARN_UNINITIALIZED_AUTOS = YES_AGGRESSIVE;
				GCC_WARN_UNUSED_FUNCTION = YES;
				GCC_WARN_UNUSED_VARIABLE = YES;
				IPHONEOS_DEPLOYMENT_TARGET = 9.1;
				MTL_ENABLE_DEBUG_INFO = NO;
				SDKROOT = iphoneos;
				VALIDATE_PRODUCT = YES;
			};
			name = Release;
		};
		67ECC7511BE23A36005CD645 /* Debug */ = {
			isa = XCBuildConfiguration;
			buildSettings = {
				ASSETCATALOG_COMPILER_APPICON_NAME = AppIcon;
				CODE_SIGN_ENTITLEMENTS = testRealm/testRealm.entitlements;
				CODE_SIGN_IDENTITY = "iPhone Developer";
				"CODE_SIGN_IDENTITY[sdk=iphoneos*]" = "iPhone Developer";
				EMBEDDED_CONTENT_CONTAINS_SWIFT = YES;
				FRAMEWORK_SEARCH_PATHS = (
					"$(inherited)",
					"$(PROJECT_DIR)/testRealm",
				);
				INFOPLIST_FILE = testRealm/Info.plist;
				LD_RUNPATH_SEARCH_PATHS = "$(inherited) @executable_path/Frameworks";
				PRODUCT_BUNDLE_IDENTIFIER = net.snips.testRealm;
				PRODUCT_NAME = "$(TARGET_NAME)";
				PROVISIONING_PROFILE = "";
			};
			name = Debug;
		};
		67ECC7521BE23A36005CD645 /* Release */ = {
			isa = XCBuildConfiguration;
			buildSettings = {
				ASSETCATALOG_COMPILER_APPICON_NAME = AppIcon;
				CODE_SIGN_ENTITLEMENTS = testRealm/testRealm.entitlements;
				CODE_SIGN_IDENTITY = "iPhone Developer";
				"CODE_SIGN_IDENTITY[sdk=iphoneos*]" = "iPhone Developer";
				EMBEDDED_CONTENT_CONTAINS_SWIFT = YES;
				FRAMEWORK_SEARCH_PATHS = (
					"$(inherited)",
					"$(PROJECT_DIR)/testRealm",
				);
				INFOPLIST_FILE = testRealm/Info.plist;
				LD_RUNPATH_SEARCH_PATHS = "$(inherited) @executable_path/Frameworks";
				PRODUCT_BUNDLE_IDENTIFIER = net.snips.testRealm;
				PRODUCT_NAME = "$(TARGET_NAME)";
				PROVISIONING_PROFILE = "";
			};
			name = Release;
		};
		67ECC7751BE24197005CD645 /* Debug */ = {
			isa = XCBuildConfiguration;
			buildSettings = {
				CODE_SIGN_ENTITLEMENTS = keyboardRealm/keyboardRealm.entitlements;
				CODE_SIGN_IDENTITY = "iPhone Developer";
				"CODE_SIGN_IDENTITY[sdk=iphoneos*]" = "iPhone Developer";
				FRAMEWORK_SEARCH_PATHS = (
					"$(inherited)",
					"$(PROJECT_DIR)/testRealm",
				);
				INFOPLIST_FILE = keyboardRealm/Info.plist;
				LD_RUNPATH_SEARCH_PATHS = "$(inherited) @executable_path/Frameworks @executable_path/../../Frameworks";
				PRODUCT_BUNDLE_IDENTIFIER = net.snips.testRealm.keyboardRealm;
				PRODUCT_NAME = "$(TARGET_NAME)";
				PROVISIONING_PROFILE = "";
				SKIP_INSTALL = YES;
			};
			name = Debug;
		};
		67ECC7761BE24197005CD645 /* Release */ = {
			isa = XCBuildConfiguration;
			buildSettings = {
				CODE_SIGN_ENTITLEMENTS = keyboardRealm/keyboardRealm.entitlements;
				CODE_SIGN_IDENTITY = "iPhone Developer";
				"CODE_SIGN_IDENTITY[sdk=iphoneos*]" = "iPhone Developer";
				FRAMEWORK_SEARCH_PATHS = (
					"$(inherited)",
					"$(PROJECT_DIR)/testRealm",
				);
				INFOPLIST_FILE = keyboardRealm/Info.plist;
				LD_RUNPATH_SEARCH_PATHS = "$(inherited) @executable_path/Frameworks @executable_path/../../Frameworks";
				PRODUCT_BUNDLE_IDENTIFIER = net.snips.testRealm.keyboardRealm;
				PRODUCT_NAME = "$(TARGET_NAME)";
				PROVISIONING_PROFILE = "";
				SKIP_INSTALL = YES;
			};
			name = Release;
		};
/* End XCBuildConfiguration section */

/* Begin XCConfigurationList section */
		67ECC7231BE23A35005CD645 /* Build configuration list for PBXProject "testRealm" */ = {
			isa = XCConfigurationList;
			buildConfigurations = (
				67ECC74E1BE23A36005CD645 /* Debug */,
				67ECC74F1BE23A36005CD645 /* Release */,
			);
			defaultConfigurationIsVisible = 0;
			defaultConfigurationName = Release;
		};
		67ECC7501BE23A36005CD645 /* Build configuration list for PBXNativeTarget "testRealm" */ = {
			isa = XCConfigurationList;
			buildConfigurations = (
				67ECC7511BE23A36005CD645 /* Debug */,
				67ECC7521BE23A36005CD645 /* Release */,
			);
			defaultConfigurationIsVisible = 0;
		};
		67ECC7741BE24197005CD645 /* Build configuration list for PBXNativeTarget "keyboardRealm" */ = {
			isa = XCConfigurationList;
			buildConfigurations = (
				67ECC7751BE24197005CD645 /* Debug */,
				67ECC7761BE24197005CD645 /* Release */,
			);
			defaultConfigurationIsVisible = 0;
		};
/* End XCConfigurationList section */
	};
	rootObject = 67ECC7201BE23A35005CD645 /* Project object */;
}
